
Microsoft Visual Studio Solution File, Format Version 12.00
# Visual Studio 15
Project("{FAE04EC0-301F-11D3-BF4B-00C04F79EFBC}") = "CHolaMundo", "CHolaMundo\CHolaMundo.csproj", "{6BFCF537-2088-4F42-A415-E666CF816A0A}"
EndProject
Global
	GlobalSection(SolutionConfigurationPlatforms) = preSolution
		Debug|x86 = Debug|x86
		Release|x86 = Release|x86
	EndGlobalSection
	GlobalSection(ProjectConfigurationPlatforms) = postSolution
		{6BFCF537-2088-4F42-A415-E666CF816A0A}.Debug|x86.ActiveCfg = Debug|x86
		{6BFCF537-2088-4F42-A415-E666CF816A0A}.Debug|x86.Build.0 = Debug|x86
		{6BFCF537-2088-4F42-A415-E666CF816A0A}.Release|x86.ActiveCfg = Release|x86
		{6BFCF537-2088-4F42-A415-E666CF816A0A}.Release|x86.Build.0 = Release|x86
	EndGlobalSection
EndGlobal
